
Microsoft Visual Studio Solution File, Format Version 12.00
# Visual Studio Version 17
VisualStudioVersion = 17.14.36414.22 d17.14
MinimumVisualStudioVersion = 10.0.40219.1
Project("{FAE04EC0-301F-11D3-BF4B-00C04F79EFBC}") = "MauiAppTempo", "MauiAppTempo\MauiAppTempo.csproj", "{DBC915C7-7106-4FFD-8B1A-64BC32EE8A53}"
EndProject
Global
	GlobalSection(SolutionConfigurationPlatforms) = preSolution
		Debug|Any CPU = Debug|Any CPU
		Release|Any CPU = Release|Any CPU
	EndGlobalSection
	GlobalSection(ProjectConfigurationPlatforms) = postSolution
		{DBC915C7-7106-4FFD-8B1A-64BC32EE8A53}.Debug|Any CPU.ActiveCfg = Debug|Any CPU
		{DBC915C7-7106-4FFD-8B1A-64BC32EE8A53}.Debug|Any CPU.Build.0 = Debug|Any CPU
		{DBC915C7-7106-4FFD-8B1A-64BC32EE8A53}.Release|Any CPU.ActiveCfg = Release|Any CPU
		{DBC915C7-7106-4FFD-8B1A-64BC32EE8A53}.Release|Any CPU.Build.0 = Release|Any CPU
	EndGlobalSection
	GlobalSection(SolutionProperties) = preSolution
		HideSolutionNode = FALSE
	EndGlobalSection
	GlobalSection(ExtensibilityGlobals) = postSolution
		SolutionGuid = {DB46A3D9-A0CE-4289-8D55-0A2C5CA0F700}
	EndGlobalSection
EndGlobal
